// !$*UTF8*$!
{
	archiveVersion = 1;
	classes = {
	};
	objectVersion = 55;
	objects = {

/* Begin PBXBuildFile section */
		1C30F2FA28D5012C00C17C52 /* ProfileView.swift in Sources */ = {isa = PBXBuildFile; fileRef = 1C30F2F928D5012C00C17C52 /* ProfileView.swift */; };
		1C54645428D101790083C84F /* manageUserOnboardingApp.swift in Sources */ = {isa = PBXBuildFile; fileRef = 1C54645328D101790083C84F /* manageUserOnboardingApp.swift */; };
		1C54645628D101790083C84F /* IntroView.swift in Sources */ = {isa = PBXBuildFile; fileRef = 1C54645528D101790083C84F /* IntroView.swift */; };
		1C54645828D101840083C84F /* Assets.xcassets in Resources */ = {isa = PBXBuildFile; fileRef = 1C54645728D101840083C84F /* Assets.xcassets */; };
		1C54645B28D101840083C84F /* Preview Assets.xcassets in Resources */ = {isa = PBXBuildFile; fileRef = 1C54645A28D101840083C84F /* Preview Assets.xcassets */; };
		1C54646528D101860083C84F /* manageUserOnboardingTests.swift in Sources */ = {isa = PBXBuildFile; fileRef = 1C54646428D101860083C84F /* manageUserOnboardingTests.swift */; };
		1C54646F28D101860083C84F /* manageUserOnboardingUITests.swift in Sources */ = {isa = PBXBuildFile; fileRef = 1C54646E28D101860083C84F /* manageUserOnboardingUITests.swift */; };
		1C54647128D101860083C84F /* manageUserOnboardingUITestsLaunchTests.swift in Sources */ = {isa = PBXBuildFile; fileRef = 1C54647028D101860083C84F /* manageUserOnboardingUITestsLaunchTests.swift */; };
		1C54647F28D1057A0083C84F /* onBoardingView.swift in Sources */ = {isa = PBXBuildFile; fileRef = 1C54647E28D1057A0083C84F /* onBoardingView.swift */; };
/* End PBXBuildFile section */

/* Begin PBXContainerItemProxy section */
		1C54646128D101850083C84F /* PBXContainerItemProxy */ = {
			isa = PBXContainerItemProxy;
			containerPortal = 1C54644828D101790083C84F /* Project object */;
			proxyType = 1;
			remoteGlobalIDString = 1C54644F28D101790083C84F;
			remoteInfo = manageUserOnboarding;
		};
		1C54646B28D101860083C84F /* PBXContainerItemProxy */ = {
			isa = PBXContainerItemProxy;
			containerPortal = 1C54644828D101790083C84F /* Project object */;
			proxyType = 1;
			remoteGlobalIDString = 1C54644F28D101790083C84F;
			remoteInfo = manageUserOnboarding;
		};
/* End PBXContainerItemProxy section */

/* Begin PBXFileReference section */
		1C30F2F928D5012C00C17C52 /* ProfileView.swift */ = {isa = PBXFileReference; lastKnownFileType = sourcecode.swift; path = ProfileView.swift; sourceTree = "<group>"; };
		1C54645028D101790083C84F /* manageUserOnboarding.app */ = {isa = PBXFileReference; explicitFileType = wrapper.application; includeInIndex = 0; path = manageUserOnboarding.app; sourceTree = BUILT_PRODUCTS_DIR; };
		1C54645328D101790083C84F /* manageUserOnboardingApp.swift */ = {isa = PBXFileReference; lastKnownFileType = sourcecode.swift; path = manageUserOnboardingApp.swift; sourceTree = "<group>"; };
		1C54645528D101790083C84F /* IntroView.swift */ = {isa = PBXFileReference; lastKnownFileType = sourcecode.swift; path = IntroView.swift; sourceTree = "<group>"; };
		1C54645728D101840083C84F /* Assets.xcassets */ = {isa = PBXFileReference; lastKnownFileType = folder.assetcatalog; path = Assets.xcassets; sourceTree = "<group>"; };
		1C54645A28D101840083C84F /* Preview Assets.xcassets */ = {isa = PBXFileReference; lastKnownFileType = folder.assetcatalog; path = "Preview Assets.xcassets"; sourceTree = "<group>"; };
		1C54646028D101850083C84F /* manageUserOnboardingTests.xctest */ = {isa = PBXFileReference; explicitFileType = wrapper.cfbundle; includeInIndex = 0; path = manageUserOnboardingTests.xctest; sourceTree = BUILT_PRODUCTS_DIR; };
		1C54646428D101860083C84F /* manageUserOnboardingTests.swift */ = {isa = PBXFileReference; lastKnownFileType = sourcecode.swift; path = manageUserOnboardingTests.swift; sourceTree = "<group>"; };
		1C54646A28D101860083C84F /* manageUserOnboardingUITests.xctest */ = {isa = PBXFileReference; explicitFileType = wrapper.cfbundle; includeInIndex = 0; path = manageUserOnboardingUITests.xctest; sourceTree = BUILT_PRODUCTS_DIR; };
		1C54646E28D101860083C84F /* manageUserOnboardingUITests.swift */ = {isa = PBXFileReference; lastKnownFileType = sourcecode.swift; path = manageUserOnboardingUITests.swift; sourceTree = "<group>"; };
		1C54647028D101860083C84F /* manageUserOnboardingUITestsLaunchTests.swift */ = {isa = PBXFileReference; lastKnownFileType = sourcecode.swift; path = manageUserOnboardingUITestsLaunchTests.swift; sourceTree = "<group>"; };
		1C54647E28D1057A0083C84F /* onBoardingView.swift */ = {isa = PBXFileReference; lastKnownFileType = sourcecode.swift; path = onBoardingView.swift; sourceTree = "<group>"; };
/* End PBXFileReference section */

/* Begin PBXFrameworksBuildPhase section */
		1C54644D28D101790083C84F /* Frameworks */ = {
			isa = PBXFrameworksBuildPhase;
			buildActionMask = 2147483647;
			files = (
			);
			runOnlyForDeploymentPostprocessing = 0;
		};
		1C54645D28D101850083C84F /* Frameworks */ = {
			isa = PBXFrameworksBuildPhase;
			buildActionMask = 2147483647;
			files = (
			);
			runOnlyForDeploymentPostprocessing = 0;
		};
		1C54646728D101860083C84F /* Frameworks */ = {
			isa = PBXFrameworksBuildPhase;
			buildActionMask = 2147483647;
			files = (
			);
			runOnlyForDeploymentPostprocessing = 0;
		};
/* End PBXFrameworksBuildPhase section */

/* Begin PBXGroup section */
		1C54644728D101790083C84F = {
			isa = PBXGroup;
			children = (
				1C54645228D101790083C84F /* manageUserOnboarding */,
				1C54646328D101860083C84F /* manageUserOnboardingTests */,
				1C54646D28D101860083C84F /* manageUserOnboardingUITests */,
				1C54645128D101790083C84F /* Products */,
			);
			sourceTree = "<group>";
		};
		1C54645128D101790083C84F /* Products */ = {
			isa = PBXGroup;
			children = (
				1C54645028D101790083C84F /* manageUserOnboarding.app */,
				1C54646028D101850083C84F /* manageUserOnboardingTests.xctest */,
				1C54646A28D101860083C84F /* manageUserOnboardingUITests.xctest */,
			);
			name = Products;
			sourceTree = "<group>";
		};
		1C54645228D101790083C84F /* manageUserOnboarding */ = {
			isa = PBXGroup;
			children = (
				1C54647D28D105210083C84F /* New Group */,
				1C54645328D101790083C84F /* manageUserOnboardingApp.swift */,
				1C54645528D101790083C84F /* IntroView.swift */,
				1C54647E28D1057A0083C84F /* onBoardingView.swift */,
				1C54645728D101840083C84F /* Assets.xcassets */,
				1C54645928D101840083C84F /* Preview Content */,
			);
			path = manageUserOnboarding;
			sourceTree = "<group>";
		};
		1C54645928D101840083C84F /* Preview Content */ = {
			isa = PBXGroup;
			children = (
				1C54645A28D101840083C84F /* Preview Assets.xcassets */,
			);
			path = "Preview Content";
			sourceTree = "<group>";
		};
		1C54646328D101860083C84F /* manageUserOnboardingTests */ = {
			isa = PBXGroup;
			children = (
				1C54646428D101860083C84F /* manageUserOnboardingTests.swift */,
			);
			path = manageUserOnboardingTests;
			sourceTree = "<group>";
		};
		1C54646D28D101860083C84F /* manageUserOnboardingUITests */ = {
			isa = PBXGroup;
			children = (
				1C54646E28D101860083C84F /* manageUserOnboardingUITests.swift */,
				1C54647028D101860083C84F /* manageUserOnboardingUITestsLaunchTests.swift */,
			);
			path = manageUserOnboardingUITests;
			sourceTree = "<group>";
		};
		1C54647D28D105210083C84F /* New Group */ = {
			isa = PBXGroup;
			children = (
				1C30F2F928D5012C00C17C52 /* ProfileView.swift */,
			);
			path = "New Group";
			sourceTree = "<group>";
		};
/* End PBXGroup section */

/* Begin PBXNativeTarget section */
		1C54644F28D101790083C84F /* manageUserOnboarding */ = {
			isa = PBXNativeTarget;
			buildConfigurationList = 1C54647428D101860083C84F /* Build configuration list for PBXNativeTarget "manageUserOnboarding" */;
			buildPhases = (
				1C54644C28D101790083C84F /* Sources */,
				1C54644D28D101790083C84F /* Frameworks */,
				1C54644E28D101790083C84F /* Resources */,
			);
			buildRules = (
			);
			dependencies = (
			);
			name = manageUserOnboarding;
			productName = manageUserOnboarding;
			productReference = 1C54645028D101790083C84F /* manageUserOnboarding.app */;
			productType = "com.apple.product-type.application";
		};
		1C54645F28D101850083C84F /* manageUserOnboardingTests */ = {
			isa = PBXNativeTarget;
			buildConfigurationList = 1C54647728D101860083C84F /* Build configuration list for PBXNativeTarget "manageUserOnboardingTests" */;
			buildPhases = (
				1C54645C28D101850083C84F /* Sources */,
				1C54645D28D101850083C84F /* Frameworks */,
				1C54645E28D101850083C84F /* Resources */,
			);
			buildRules = (
			);
			dependencies = (
				1C54646228D101850083C84F /* PBXTargetDependency */,
			);
			name = manageUserOnboardingTests;
			productName = manageUserOnboardingTests;
			productReference = 1C54646028D101850083C84F /* manageUserOnboardingTests.xctest */;
			productType = "com.apple.product-type.bundle.unit-test";
		};
		1C54646928D101860083C84F /* manageUserOnboardingUITests */ = {
			isa = PBXNativeTarget;
			buildConfigurationList = 1C54647A28D101860083C84F /* Build configuration list for PBXNativeTarget "manageUserOnboardingUITests" */;
			buildPhases = (
				1C54646628D101860083C84F /* Sources */,
				1C54646728D101860083C84F /* Frameworks */,
				1C54646828D101860083C84F /* Resources */,
			);
			buildRules = (
			);
			dependencies = (
				1C54646C28D101860083C84F /* PBXTargetDependency */,
			);
			name = manageUserOnboardingUITests;
			productName = manageUserOnboardingUITests;
			productReference = 1C54646A28D101860083C84F /* manageUserOnboardingUITests.xctest */;
			productType = "com.apple.product-type.bundle.ui-testing";
		};
/* End PBXNativeTarget section */

/* Begin PBXProject section */
		1C54644828D101790083C84F /* Project object */ = {
			isa = PBXProject;
			attributes = {
				BuildIndependentTargetsInParallel = 1;
				LastSwiftUpdateCheck = 1340;
				LastUpgradeCheck = 1340;
				TargetAttributes = {
					1C54644F28D101790083C84F = {
						CreatedOnToolsVersion = 13.4.1;
					};
					1C54645F28D101850083C84F = {
						CreatedOnToolsVersion = 13.4.1;
						TestTargetID = 1C54644F28D101790083C84F;
					};
					1C54646928D101860083C84F = {
						CreatedOnToolsVersion = 13.4.1;
						TestTargetID = 1C54644F28D101790083C84F;
					};
				};
			};
			buildConfigurationList = 1C54644B28D101790083C84F /* Build configuration list for PBXProject "manageUserOnboarding" */;
			compatibilityVersion = "Xcode 13.0";
			developmentRegion = en;
			hasScannedForEncodings = 0;
			knownRegions = (
				en,
				Base,
			);
			mainGroup = 1C54644728D101790083C84F;
			productRefGroup = 1C54645128D101790083C84F /* Products */;
			projectDirPath = "";
			projectRoot = "";
			targets = (
				1C54644F28D101790083C84F /* manageUserOnboarding */,
				1C54645F28D101850083C84F /* manageUserOnboardingTests */,
				1C54646928D101860083C84F /* manageUserOnboardingUITests */,
			);
		};
/* End PBXProject section */

/* Begin PBXResourcesBuildPhase section */
		1C54644E28D101790083C84F /* Resources */ = {
			isa = PBXResourcesBuildPhase;
			buildActionMask = 2147483647;
			files = (
				1C54645B28D101840083C84F /* Preview Assets.xcassets in Resources */,
				1C54645828D101840083C84F /* Assets.xcassets in Resources */,
			);
			runOnlyForDeploymentPostprocessing = 0;
		};
		1C54645E28D101850083C84F /* Resources */ = {
			isa = PBXResourcesBuildPhase;
			buildActionMask = 2147483647;
			files = (
			);
			runOnlyForDeploymentPostprocessing = 0;
		};
		1C54646828D101860083C84F /* Resources */ = {
			isa = PBXResourcesBuildPhase;
			buildActionMask = 2147483647;
			files = (
			);
			runOnlyForDeploymentPostprocessing = 0;
		};
/* End PBXResourcesBuildPhase section */

/* Begin PBXSourcesBuildPhase section */
		1C54644C28D101790083C84F /* Sources */ = {
			isa = PBXSourcesBuildPhase;
			buildActionMask = 2147483647;
			files = (
				1C30F2FA28D5012C00C17C52 /* ProfileView.swift in Sources */,
				1C54647F28D1057A0083C84F /* onBoardingView.swift in Sources */,
				1C54645628D101790083C84F /* IntroView.swift in Sources */,
				1C54645428D101790083C84F /* manageUserOnboardingApp.swift in Sources */,
			);
			runOnlyForDeploymentPostprocessing = 0;
		};
		1C54645C28D101850083C84F /* Sources */ = {
			isa = PBXSourcesBuildPhase;
			buildActionMask = 2147483647;
			files = (
				1C54646528D101860083C84F /* manageUserOnboardingTests.swift in Sources */,
			);
			runOnlyForDeploymentPostprocessing = 0;
		};
		1C54646628D101860083C84F /* Sources */ = {
			isa = PBXSourcesBuildPhase;
			buildActionMask = 2147483647;
			files = (
				1C54646F28D101860083C84F /* manageUserOnboardingUITests.swift in Sources */,
				1C54647128D101860083C84F /* manageUserOnboardingUITestsLaunchTests.swift in Sources */,
			);
			runOnlyForDeploymentPostprocessing = 0;
		};
/* End PBXSourcesBuildPhase section */

/* Begin PBXTargetDependency section */
		1C54646228D101850083C84F /* PBXTargetDependency */ = {
			isa = PBXTargetDependency;
			target = 1C54644F28D101790083C84F /* manageUserOnboarding */;
			targetProxy = 1C54646128D101850083C84F /* PBXContainerItemProxy */;
		};
		1C54646C28D101860083C84F /* PBXTargetDependency */ = {
			isa = PBXTargetDependency;
			target = 1C54644F28D101790083C84F /* manageUserOnboarding */;
			targetProxy = 1C54646B28D101860083C84F /* PBXContainerItemProxy */;
		};
/* End PBXTargetDependency section */

/* Begin XCBuildConfiguration section */
		1C54647228D101860083C84F /* Debug */ = {
			isa = XCBuildConfiguration;
			buildSettings = {
				ALWAYS_SEARCH_USER_PATHS = NO;
				CLANG_ANALYZER_NONNULL = YES;
				CLANG_ANALYZER_NUMBER_OBJECT_CONVERSION = YES_AGGRESSIVE;
				CLANG_CXX_LANGUAGE_STANDARD = "gnu++17";
				CLANG_ENABLE_MODULES = YES;
				CLANG_ENABLE_OBJC_ARC = YES;
				CLANG_ENABLE_OBJC_WEAK = YES;
				CLANG_WARN_BLOCK_CAPTURE_AUTORELEASING = YES;
				CLANG_WARN_BOOL_CONVERSION = YES;
				CLANG_WARN_COMMA = YES;
				CLANG_WARN_CONSTANT_CONVERSION = YES;
				CLANG_WARN_DEPRECATED_OBJC_IMPLEMENTATIONS = YES;
				CLANG_WARN_DIRECT_OBJC_ISA_USAGE = YES_ERROR;
				CLANG_WARN_DOCUMENTATION_COMMENTS = YES;
				CLANG_WARN_EMPTY_BODY = YES;
				CLANG_WARN_ENUM_CONVERSION = YES;
				CLANG_WARN_INFINITE_RECURSION = YES;
				CLANG_WARN_INT_CONVERSION = YES;
				CLANG_WARN_NON_LITERAL_NULL_CONVERSION = YES;
				CLANG_WARN_OBJC_IMPLICIT_RETAIN_SELF = YES;
				CLANG_WARN_OBJC_LITERAL_CONVERSION = YES;
				CLANG_WARN_OBJC_ROOT_CLASS = YES_ERROR;
				CLANG_WARN_QUOTED_INCLUDE_IN_FRAMEWORK_HEADER = YES;
				CLANG_WARN_RANGE_LOOP_ANALYSIS = YES;
				CLANG_WARN_STRICT_PROTOTYPES = YES;
				CLANG_WARN_SUSPICIOUS_MOVE = YES;
				CLANG_WARN_UNGUARDED_AVAILABILITY = YES_AGGRESSIVE;
				CLANG_WARN_UNREACHABLE_CODE = YES;
				CLANG_WARN__DUPLICATE_METHOD_MATCH = YES;
				COPY_PHASE_STRIP = NO;
				DEBUG_INFORMATION_FORMAT = dwarf;
				ENABLE_STRICT_OBJC_MSGSEND = YES;
				ENABLE_TESTABILITY = YES;
				GCC_C_LANGUAGE_STANDARD = gnu11;
				GCC_DYNAMIC_NO_PIC = NO;
				GCC_NO_COMMON_BLOCKS = YES;
				GCC_OPTIMIZATION_LEVEL = 0;
				GCC_PREPROCESSOR_DEFINITIONS = (
					"DEBUG=1",
					"$(inherited)",
				);
				GCC_WARN_64_TO_32_BIT_CONVERSION = YES;
				GCC_WARN_ABOUT_RETURN_TYPE = YES_ERROR;
				GCC_WARN_UNDECLARED_SELECTOR = YES;
				GCC_WARN_UNINITIALIZED_AUTOS = YES_AGGRESSIVE;
				GCC_WARN_UNUSED_FUNCTION = YES;
				GCC_WARN_UNUSED_VARIABLE = YES;
				IPHONEOS_DEPLOYMENT_TARGET = 15.5;
				MTL_ENABLE_DEBUG_INFO = INCLUDE_SOURCE;
				MTL_FAST_MATH = YES;
				ONLY_ACTIVE_ARCH = YES;
				SDKROOT = iphoneos;
				SWIFT_ACTIVE_COMPILATION_CONDITIONS = DEBUG;
				SWIFT_OPTIMIZATION_LEVEL = "-Onone";
			};
			name = Debug;
		};
		1C54647328D101860083C84F /* Release */ = {
			isa = XCBuildConfiguration;
			buildSettings = {
				ALWAYS_SEARCH_USER_PATHS = NO;
				CLANG_ANALYZER_NONNULL = YES;
				CLANG_ANALYZER_NUMBER_OBJECT_CONVERSION = YES_AGGRESSIVE;
				CLANG_CXX_LANGUAGE_STANDARD = "gnu++17";
				CLANG_ENABLE_MODULES = YES;
				CLANG_ENABLE_OBJC_ARC = YES;
				CLANG_ENABLE_OBJC_WEAK = YES;
				CLANG_WARN_BLOCK_CAPTURE_AUTORELEASING = YES;
				CLANG_WARN_BOOL_CONVERSION = YES;
				CLANG_WARN_COMMA = YES;
				CLANG_WARN_CONSTANT_CONVERSION = YES;
				CLANG_WARN_DEPRECATED_OBJC_IMPLEMENTATIONS = YES;
				CLANG_WARN_DIRECT_OBJC_ISA_USAGE = YES_ERROR;
				CLANG_WARN_DOCUMENTATION_COMMENTS = YES;
				CLANG_WARN_EMPTY_BODY = YES;
				CLANG_WARN_ENUM_CONVERSION = YES;
				CLANG_WARN_INFINITE_RECURSION = YES;
				CLANG_WARN_INT_CONVERSION = YES;
				CLANG_WARN_NON_LITERAL_NULL_CONVERSION = YES;
				CLANG_WARN_OBJC_IMPLICIT_RETAIN_SELF = YES;
				CLANG_WARN_OBJC_LITERAL_CONVERSION = YES;
				CLANG_WARN_OBJC_ROOT_CLASS = YES_ERROR;
				CLANG_WARN_QUOTED_INCLUDE_IN_FRAMEWORK_HEADER = YES;
				CLANG_WARN_RANGE_LOOP_ANALYSIS = YES;
				CLANG_WARN_STRICT_PROTOTYPES = YES;
				CLANG_WARN_SUSPICIOUS_MOVE = YES;
				CLANG_WARN_UNGUARDED_AVAILABILITY = YES_AGGRESSIVE;
				CLANG_WARN_UNREACHABLE_CODE = YES;
				CLANG_WARN__DUPLICATE_METHOD_MATCH = YES;
				COPY_PHASE_STRIP = NO;
				DEBUG_INFORMATION_FORMAT = "dwarf-with-dsym";
				ENABLE_NS_ASSERTIONS = NO;
				ENABLE_STRICT_OBJC_MSGSEND = YES;
				GCC_C_LANGUAGE_STANDARD = gnu11;
				GCC_NO_COMMON_BLOCKS = YES;
				GCC_WARN_64_TO_32_BIT_CONVERSION = YES;
				GCC_WARN_ABOUT_RETURN_TYPE = YES_ERROR;
				GCC_WARN_UNDECLARED_SELECTOR = YES;
				GCC_WARN_UNINITIALIZED_AUTOS = YES_AGGRESSIVE;
				GCC_WARN_UNUSED_FUNCTION = YES;
				GCC_WARN_UNUSED_VARIABLE = YES;
				IPHONEOS_DEPLOYMENT_TARGET = 15.5;
				MTL_ENABLE_DEBUG_INFO = NO;
				MTL_FAST_MATH = YES;
				SDKROOT = iphoneos;
				SWIFT_COMPILATION_MODE = wholemodule;
				SWIFT_OPTIMIZATION_LEVEL = "-O";
				VALIDATE_PRODUCT = YES;
			};
			name = Release;
		};
		1C54647528D101860083C84F /* Debug */ = {
			isa = XCBuildConfiguration;
			buildSettings = {
				ASSETCATALOG_COMPILER_APPICON_NAME = AppIcon;
				ASSETCATALOG_COMPILER_GLOBAL_ACCENT_COLOR_NAME = AccentColor;
				CODE_SIGN_STYLE = Automatic;
				CURRENT_PROJECT_VERSION = 1;
				DEVELOPMENT_ASSET_PATHS = "\"manageUserOnboarding/Preview Content\"";
				DEVELOPMENT_TEAM = V376G67MAP;
				ENABLE_PREVIEWS = YES;
				GENERATE_INFOPLIST_FILE = YES;
				INFOPLIST_KEY_UIApplicationSceneManifest_Generation = YES;
				INFOPLIST_KEY_UIApplicationSupportsIndirectInputEvents = YES;
				INFOPLIST_KEY_UILaunchScreen_Generation = YES;
				INFOPLIST_KEY_UISupportedInterfaceOrientations_iPad = "UIInterfaceOrientationPortrait UIInterfaceOrientationPortraitUpsideDown UIInterfaceOrientationLandscapeLeft UIInterfaceOrientationLandscapeRight";
				INFOPLIST_KEY_UISupportedInterfaceOrientations_iPhone = "UIInterfaceOrientationPortrait UIInterfaceOrientationLandscapeLeft UIInterfaceOrientationLandscapeRight";
				LD_RUNPATH_SEARCH_PATHS = (
					"$(inherited)",
					"@executable_path/Frameworks",
				);
				MARKETING_VERSION = 1.0;
				PRODUCT_BUNDLE_IDENTIFIER = com.dipdutt.manageUserOnboarding;
				PRODUCT_NAME = "$(TARGET_NAME)";
				SWIFT_EMIT_LOC_STRINGS = YES;
				SWIFT_VERSION = 5.0;
				TARGETED_DEVICE_FAMILY = "1,2";
			};
			name = Debug;
		};
		1C54647628D101860083C84F /* Release */ = {
			isa = XCBuildConfiguration;
			buildSettings = {
				ASSETCATALOG_COMPILER_APPICON_NAME = AppIcon;
				ASSETCATALOG_COMPILER_GLOBAL_ACCENT_COLOR_NAME = AccentColor;
				CODE_SIGN_STYLE = Automatic;
				CURRENT_PROJECT_VERSION = 1;
				DEVELOPMENT_ASSET_PATHS = "\"manageUserOnboarding/Preview Content\"";
				DEVELOPMENT_TEAM = V376G67MAP;
				ENABLE_PREVIEWS = YES;
				GENERATE_INFOPLIST_FILE = YES;
				INFOPLIST_KEY_UIApplicationSceneManifest_Generation = YES;
				INFOPLIST_KEY_UIApplicationSupportsIndirectInputEvents = YES;
				INFOPLIST_KEY_UILaunchScreen_Generation = YES;
				INFOPLIST_KEY_UISupportedInterfaceOrientations_iPad = "UIInterfaceOrientationPortrait UIInterfaceOrientationPortraitUpsideDown UIInterfaceOrientationLandscapeLeft UIInterfaceOrientationLandscapeRight";
				INFOPLIST_KEY_UISupportedInterfaceOrientations_iPhone = "UIInterfaceOrientationPortrait UIInterfaceOrientationLandscapeLeft UIInterfaceOrientationLandscapeRight";
				LD_RUNPATH_SEARCH_PATHS = (
					"$(inherited)",
					"@executable_path/Frameworks",
				);
				MARKETING_VERSION = 1.0;
				PRODUCT_BUNDLE_IDENTIFIER = com.dipdutt.manageUserOnboarding;
				PRODUCT_NAME = "$(TARGET_NAME)";
				SWIFT_EMIT_LOC_STRINGS = YES;
				SWIFT_VERSION = 5.0;
				TARGETED_DEVICE_FAMILY = "1,2";
			};
			name = Release;
		};
		1C54647828D101860083C84F /* Debug */ = {
			isa = XCBuildConfiguration;
			buildSettings = {
				ALWAYS_EMBED_SWIFT_STANDARD_LIBRARIES = YES;
				BUNDLE_LOADER = "$(TEST_HOST)";
				CODE_SIGN_STYLE = Automatic;
				CURRENT_PROJECT_VERSION = 1;
				DEVELOPMENT_TEAM = V376G67MAP;
				GENERATE_INFOPLIST_FILE = YES;
				IPHONEOS_DEPLOYMENT_TARGET = 15.5;
				MARKETING_VERSION = 1.0;
				PRODUCT_BUNDLE_IDENTIFIER = com.dipdutt.manageUserOnboardingTests;
				PRODUCT_NAME = "$(TARGET_NAME)";
				SWIFT_EMIT_LOC_STRINGS = NO;
				SWIFT_VERSION = 5.0;
				TARGETED_DEVICE_FAMILY = "1,2";
				TEST_HOST = "$(BUILT_PRODUCTS_DIR)/manageUserOnboarding.app/manageUserOnboarding";
			};
			name = Debug;
		};
		1C54647928D101860083C84F /* Release */ = {
			isa = XCBuildConfiguration;
			buildSettings = {
				ALWAYS_EMBED_SWIFT_STANDARD_LIBRARIES = YES;
				BUNDLE_LOADER = "$(TEST_HOST)";
				CODE_SIGN_STYLE = Automatic;
				CURRENT_PROJECT_VERSION = 1;
				DEVELOPMENT_TEAM = V376G67MAP;
				GENERATE_INFOPLIST_FILE = YES;
				IPHONEOS_DEPLOYMENT_TARGET = 15.5;
				MARKETING_VERSION = 1.0;
				PRODUCT_BUNDLE_IDENTIFIER = com.dipdutt.manageUserOnboardingTests;
				PRODUCT_NAME = "$(TARGET_NAME)";
				SWIFT_EMIT_LOC_STRINGS = NO;
				SWIFT_VERSION = 5.0;
				TARGETED_DEVICE_FAMILY = "1,2";
				TEST_HOST = "$(BUILT_PRODUCTS_DIR)/manageUserOnboarding.app/manageUserOnboarding";
			};
			name = Release;
		};
		1C54647B28D101860083C84F /* Debug */ = {
			isa = XCBuildConfiguration;
			buildSettings = {
				ALWAYS_EMBED_SWIFT_STANDARD_LIBRARIES = YES;
				CODE_SIGN_STYLE = Automatic;
				CURRENT_PROJECT_VERSION = 1;
				DEVELOPMENT_TEAM = V376G67MAP;
				GENERATE_INFOPLIST_FILE = YES;
				MARKETING_VERSION = 1.0;
				PRODUCT_BUNDLE_IDENTIFIER = com.dipdutt.manageUserOnboardingUITests;
				PRODUCT_NAME = "$(TARGET_NAME)";
				SWIFT_EMIT_LOC_STRINGS = NO;
				SWIFT_VERSION = 5.0;
				TARGETED_DEVICE_FAMILY = "1,2";
				TEST_TARGET_NAME = manageUserOnboarding;
			};
			name = Debug;
		};
		1C54647C28D101860083C84F /* Release */ = {
			isa = XCBuildConfiguration;
			buildSettings = {
				ALWAYS_EMBED_SWIFT_STANDARD_LIBRARIES = YES;
				CODE_SIGN_STYLE = Automatic;
				CURRENT_PROJECT_VERSION = 1;
				DEVELOPMENT_TEAM = V376G67MAP;
				GENERATE_INFOPLIST_FILE = YES;
				MARKETING_VERSION = 1.0;
				PRODUCT_BUNDLE_IDENTIFIER = com.dipdutt.manageUserOnboardingUITests;
				PRODUCT_NAME = "$(TARGET_NAME)";
				SWIFT_EMIT_LOC_STRINGS = NO;
				SWIFT_VERSION = 5.0;
				TARGETED_DEVICE_FAMILY = "1,2";
				TEST_TARGET_NAME = manageUserOnboarding;
			};
			name = Release;
		};
/* End XCBuildConfiguration section */

/* Begin XCConfigurationList section */
		1C54644B28D101790083C84F /* Build configuration list for PBXProject "manageUserOnboarding" */ = {
			isa = XCConfigurationList;
			buildConfigurations = (
				1C54647228D101860083C84F /* Debug */,
				1C54647328D101860083C84F /* Release */,
			);
			defaultConfigurationIsVisible = 0;
			defaultConfigurationName = Release;
		};
		1C54647428D101860083C84F /* Build configuration list for PBXNativeTarget "manageUserOnboarding" */ = {
			isa = XCConfigurationList;
			buildConfigurations = (
				1C54647528D101860083C84F /* Debug */,
				1C54647628D101860083C84F /* Release */,
			);
			defaultConfigurationIsVisible = 0;
			defaultConfigurationName = Release;
		};
		1C54647728D101860083C84F /* Build configuration list for PBXNativeTarget "manageUserOnboardingTests" */ = {
			isa = XCConfigurationList;
			buildConfigurations = (
				1C54647828D101860083C84F /* Debug */,
				1C54647928D101860083C84F /* Release */,
			);
			defaultConfigurationIsVisible = 0;
			defaultConfigurationName = Release;
		};
		1C54647A28D101860083C84F /* Build configuration list for PBXNativeTarget "manageUserOnboardingUITests" */ = {
			isa = XCConfigurationList;
			buildConfigurations = (
				1C54647B28D101860083C84F /* Debug */,
				1C54647C28D101860083C84F /* Release */,
			);
			defaultConfigurationIsVisible = 0;
			defaultConfigurationName = Release;
		};
/* End XCConfigurationList section */
	};
	rootObject = 1C54644828D101790083C84F /* Project object */;
}
